# This file is automatically @generated by Wally.
# It is not intended for manual editing.
registry = "test"

[[package]]
name = "alicesaidhi/jabby"
version = "0.6.1"
dependencies = [["jecs", "ukendio/jecs@0.11.0"], ["pebble", "alicesaidhi/pebble@0.2.0"], ["vide", "centau/vide@0.4.1"]]

[[package]]
name = "alicesaidhi/pebble"
version = "0.2.0"
dependencies = [["vide", "centau/vide@0.4.1"]]

[[package]]
name = "centau/vide"
version = "0.4.1"
dependencies = []

[[package]]
name = "dubalda/mercs"
version = "0.1.2"
dependencies = [["jabby", "alicesaidhi/jabby@0.6.1"], ["jecs", "ukendio/jecs@0.11.0"]]

[[package]]
name = "ukendio/jecs"
version = "0.11.0"
dependencies = []
